
Microsoft Visual Studio Solution File, Format Version 12.00
# Visual Studio Version 16
VisualStudioVersion = 16.0.30709.132
MinimumVisualStudioVersion = 10.0.40219.1
Project("{2150E333-8FDC-42A3-9474-1A3956D46DE8}") = "DownloadData", "DownloadData", "{098AF6AB-AA41-4E5F-9DA9-AF55DB9B9C44}"
EndProject
Project("{2150E333-8FDC-42A3-9474-1A3956D46DE8}") = "UI", "UI", "{0C193F34-B79C-494E-B849-7D7B9D426439}"
EndProject
Project("{9A19103F-16F7-4668-BE54-9A1E7A4F7556}") = "DownloadImages", "DownloadImages\DownloadImages.csproj", "{A07F204B-455D-4162-978D-F4A690AC5B87}"
EndProject
Project("{9A19103F-16F7-4668-BE54-9A1E7A4F7556}") = "DownloadJSONData", "DownloadJSONData\DownloadJSONData.csproj", "{6A7A035B-20DC-41B8-8362-EE442CB965D7}"
EndProject
Project("{2150E333-8FDC-42A3-9474-1A3956D46DE8}") = "Solution Items", "Solution Items", "{13FC4D3A-A3D2-4FC5-85C7-05AB3608EBFE}"
	ProjectSection(SolutionItems) = preProject
		.editorconfig = .editorconfig
	EndProjectSection
EndProject
Project("{2150E333-8FDC-42A3-9474-1A3956D46DE8}") = ".NET5", ".NET5", "{7B9374D0-E9BA-49D4-AE68-F4CB0ACEA564}"
EndProject
Project("{2150E333-8FDC-42A3-9474-1A3956D46DE8}") = ".NETCore", ".NETCore", "{4E891A16-0379-4458-ACD9-1ACC0A604DD4}"
EndProject
Project("{2150E333-8FDC-42A3-9474-1A3956D46DE8}") = ".NETFramework", ".NETFramework", "{71DC5BCB-3C55-411D-A7A3-DA4141E2B327}"
EndProject
Project("{2150E333-8FDC-42A3-9474-1A3956D46DE8}") = "API", "API", "{82D42BE0-A10E-4614-B7BE-B58EDD97A333}"
EndProject
Project("{2150E333-8FDC-42A3-9474-1A3956D46DE8}") = "BusinessLogic", "BusinessLogic", "{A3C722CD-9500-47FD-96BA-B3C6A61B835C}"
EndProject
Project("{2150E333-8FDC-42A3-9474-1A3956D46DE8}") = ".NET5", ".NET5", "{200C4D49-C1E6-426B-9DD6-1507B5BCDC57}"
EndProject
Project("{2150E333-8FDC-42A3-9474-1A3956D46DE8}") = ".NETCore", ".NETCore", "{36EC65AD-D8E2-42D2-9200-FBC681C6D6DE}"
EndProject
Project("{2150E333-8FDC-42A3-9474-1A3956D46DE8}") = ".NETFramework", ".NETFramework", "{4F6D3CB1-D22B-4D82-AF49-D01E2C9AA55E}"
EndProject
Project("{9092AA53-FB77-4645-B42D-1CCCA6BD08BD}") = "RickAndMorty.UI.Angular", "RickAndMorty.UI.Angular\RickAndMorty.UI.Angular.njsproj", "{A3F43D5C-CD7B-4294-946B-EB0001DD4A50}"
EndProject
Project("{9092AA53-FB77-4645-B42D-1CCCA6BD08BD}") = "RickAndMorty.UI.React", "RickAndMorty.UI.React\RickAndMorty.UI.React.njsproj", "{08437BF9-BD49-4278-A16F-128316DF65FC}"
EndProject
Project("{9A19103F-16F7-4668-BE54-9A1E7A4F7556}") = "RickAndMorty.API.NET5", "RickAndMorty.API.NET5\RickAndMorty.API.NET5.csproj", "{BE92AF33-0BD5-45E4-9C83-50AAF639D608}"
EndProject
Project("{9A19103F-16F7-4668-BE54-9A1E7A4F7556}") = "RickAndMorty.API.NETCore", "RickAndMorty.API.NETCore\RickAndMorty.API.NETCore.csproj", "{18C88944-858D-46B0-9D46-0330C51BE331}"
EndProject
Project("{FAE04EC0-301F-11D3-BF4B-00C04F79EFBC}") = "RickAndMorty.API.NETFramework", "RickAndMorty.API.NETFramework\RickAndMorty.API.NETFramework.csproj", "{A0B22AC9-9064-43B7-8056-0BCF43D42F7F}"
EndProject
Project("{9A19103F-16F7-4668-BE54-9A1E7A4F7556}") = "RickAndMorty.UI.BlazorWasm", "RickAndMorty.UI.BlazorWasm\RickAndMorty.UI.BlazorWasm.csproj", "{DEC9A02B-271A-4DFF-980F-0195179DC1D9}"
EndProject
Project("{2150E333-8FDC-42A3-9474-1A3956D46DE8}") = "!!Documentation", "!!Documentation", "{46EFDFBD-2D23-4FEF-AC5D-434AFE8545E7}"
	ProjectSection(SolutionItems) = preProject
		Links.md = Links.md
	EndProjectSection
EndProject
Project("{2150E333-8FDC-42A3-9474-1A3956D46DE8}") = "AuthHost", "AuthHost", "{CCFB3944-0E03-4207-990F-3CFD37974372}"
EndProject
Project("{FAE04EC0-301F-11D3-BF4B-00C04F79EFBC}") = "RickAndMorty.AuthHost", "RickAndMorty.AuthHost\RickAndMorty.AuthHost.csproj", "{0EC7B152-A3CA-480A-AE9C-F95C592417F3}"
EndProject
Global
	GlobalSection(SolutionConfigurationPlatforms) = preSolution
		Debug|Any CPU = Debug|Any CPU
		Release|Any CPU = Release|Any CPU
	EndGlobalSection
	GlobalSection(ProjectConfigurationPlatforms) = postSolution
		{A07F204B-455D-4162-978D-F4A690AC5B87}.Debug|Any CPU.ActiveCfg = Debug|Any CPU
		{A07F204B-455D-4162-978D-F4A690AC5B87}.Debug|Any CPU.Build.0 = Debug|Any CPU
		{A07F204B-455D-4162-978D-F4A690AC5B87}.Release|Any CPU.ActiveCfg = Release|Any CPU
		{A07F204B-455D-4162-978D-F4A690AC5B87}.Release|Any CPU.Build.0 = Release|Any CPU
		{6A7A035B-20DC-41B8-8362-EE442CB965D7}.Debug|Any CPU.ActiveCfg = Debug|Any CPU
		{6A7A035B-20DC-41B8-8362-EE442CB965D7}.Debug|Any CPU.Build.0 = Debug|Any CPU
		{6A7A035B-20DC-41B8-8362-EE442CB965D7}.Release|Any CPU.ActiveCfg = Release|Any CPU
		{6A7A035B-20DC-41B8-8362-EE442CB965D7}.Release|Any CPU.Build.0 = Release|Any CPU
		{A3F43D5C-CD7B-4294-946B-EB0001DD4A50}.Debug|Any CPU.ActiveCfg = Debug|Any CPU
		{A3F43D5C-CD7B-4294-946B-EB0001DD4A50}.Debug|Any CPU.Build.0 = Debug|Any CPU
		{A3F43D5C-CD7B-4294-946B-EB0001DD4A50}.Release|Any CPU.ActiveCfg = Release|Any CPU
		{A3F43D5C-CD7B-4294-946B-EB0001DD4A50}.Release|Any CPU.Build.0 = Release|Any CPU
		{08437BF9-BD49-4278-A16F-128316DF65FC}.Debug|Any CPU.ActiveCfg = Debug|Any CPU
		{08437BF9-BD49-4278-A16F-128316DF65FC}.Debug|Any CPU.Build.0 = Debug|Any CPU
		{08437BF9-BD49-4278-A16F-128316DF65FC}.Release|Any CPU.ActiveCfg = Release|Any CPU
		{08437BF9-BD49-4278-A16F-128316DF65FC}.Release|Any CPU.Build.0 = Release|Any CPU
		{BE92AF33-0BD5-45E4-9C83-50AAF639D608}.Debug|Any CPU.ActiveCfg = Debug|Any CPU
		{BE92AF33-0BD5-45E4-9C83-50AAF639D608}.Debug|Any CPU.Build.0 = Debug|Any CPU
		{BE92AF33-0BD5-45E4-9C83-50AAF639D608}.Release|Any CPU.ActiveCfg = Release|Any CPU
		{BE92AF33-0BD5-45E4-9C83-50AAF639D608}.Release|Any CPU.Build.0 = Release|Any CPU
		{18C88944-858D-46B0-9D46-0330C51BE331}.Debug|Any CPU.ActiveCfg = Debug|Any CPU
		{18C88944-858D-46B0-9D46-0330C51BE331}.Debug|Any CPU.Build.0 = Debug|Any CPU
		{18C88944-858D-46B0-9D46-0330C51BE331}.Release|Any CPU.ActiveCfg = Release|Any CPU
		{18C88944-858D-46B0-9D46-0330C51BE331}.Release|Any CPU.Build.0 = Release|Any CPU
		{A0B22AC9-9064-43B7-8056-0BCF43D42F7F}.Debug|Any CPU.ActiveCfg = Debug|Any CPU
		{A0B22AC9-9064-43B7-8056-0BCF43D42F7F}.Debug|Any CPU.Build.0 = Debug|Any CPU
		{A0B22AC9-9064-43B7-8056-0BCF43D42F7F}.Release|Any CPU.ActiveCfg = Release|Any CPU
		{A0B22AC9-9064-43B7-8056-0BCF43D42F7F}.Release|Any CPU.Build.0 = Release|Any CPU
		{DEC9A02B-271A-4DFF-980F-0195179DC1D9}.Debug|Any CPU.ActiveCfg = Debug|Any CPU
		{DEC9A02B-271A-4DFF-980F-0195179DC1D9}.Debug|Any CPU.Build.0 = Debug|Any CPU
		{DEC9A02B-271A-4DFF-980F-0195179DC1D9}.Release|Any CPU.ActiveCfg = Release|Any CPU
		{DEC9A02B-271A-4DFF-980F-0195179DC1D9}.Release|Any CPU.Build.0 = Release|Any CPU
		{0EC7B152-A3CA-480A-AE9C-F95C592417F3}.Debug|Any CPU.ActiveCfg = Debug|Any CPU
		{0EC7B152-A3CA-480A-AE9C-F95C592417F3}.Debug|Any CPU.Build.0 = Debug|Any CPU
		{0EC7B152-A3CA-480A-AE9C-F95C592417F3}.Release|Any CPU.ActiveCfg = Release|Any CPU
		{0EC7B152-A3CA-480A-AE9C-F95C592417F3}.Release|Any CPU.Build.0 = Release|Any CPU
	EndGlobalSection
	GlobalSection(SolutionProperties) = preSolution
		HideSolutionNode = FALSE
	EndGlobalSection
	GlobalSection(NestedProjects) = preSolution
		{A07F204B-455D-4162-978D-F4A690AC5B87} = {098AF6AB-AA41-4E5F-9DA9-AF55DB9B9C44}
		{6A7A035B-20DC-41B8-8362-EE442CB965D7} = {098AF6AB-AA41-4E5F-9DA9-AF55DB9B9C44}
		{7B9374D0-E9BA-49D4-AE68-F4CB0ACEA564} = {82D42BE0-A10E-4614-B7BE-B58EDD97A333}
		{4E891A16-0379-4458-ACD9-1ACC0A604DD4} = {82D42BE0-A10E-4614-B7BE-B58EDD97A333}
		{71DC5BCB-3C55-411D-A7A3-DA4141E2B327} = {82D42BE0-A10E-4614-B7BE-B58EDD97A333}
		{200C4D49-C1E6-426B-9DD6-1507B5BCDC57} = {A3C722CD-9500-47FD-96BA-B3C6A61B835C}
		{36EC65AD-D8E2-42D2-9200-FBC681C6D6DE} = {A3C722CD-9500-47FD-96BA-B3C6A61B835C}
		{4F6D3CB1-D22B-4D82-AF49-D01E2C9AA55E} = {A3C722CD-9500-47FD-96BA-B3C6A61B835C}
		{A3F43D5C-CD7B-4294-946B-EB0001DD4A50} = {0C193F34-B79C-494E-B849-7D7B9D426439}
		{08437BF9-BD49-4278-A16F-128316DF65FC} = {0C193F34-B79C-494E-B849-7D7B9D426439}
		{BE92AF33-0BD5-45E4-9C83-50AAF639D608} = {7B9374D0-E9BA-49D4-AE68-F4CB0ACEA564}
		{18C88944-858D-46B0-9D46-0330C51BE331} = {4E891A16-0379-4458-ACD9-1ACC0A604DD4}
		{A0B22AC9-9064-43B7-8056-0BCF43D42F7F} = {71DC5BCB-3C55-411D-A7A3-DA4141E2B327}
		{DEC9A02B-271A-4DFF-980F-0195179DC1D9} = {0C193F34-B79C-494E-B849-7D7B9D426439}
		{0EC7B152-A3CA-480A-AE9C-F95C592417F3} = {CCFB3944-0E03-4207-990F-3CFD37974372}
	EndGlobalSection
	GlobalSection(ExtensibilityGlobals) = postSolution
		SolutionGuid = {EB05B424-8198-4741-8720-2E9A0978083D}
	EndGlobalSection
EndGlobal
